
Microsoft Visual Studio Solution File, Format Version 12.00
# Visual Studio Version 16
VisualStudioVersion = 16.0.30907.101
MinimumVisualStudioVersion = 10.0.40219.1
Project("{FAE04EC0-301F-11D3-BF4B-00C04F79EFBC}") = "Project", "Project.csproj", "{CBAA73A5-A885-4C7F-8F24-F9AADFEFC188}"
EndProject
Global
	GlobalSection(SolutionConfigurationPlatforms) = preSolution
		Debug|Any CPU = Debug|Any CPU
		Release|Any CPU = Release|Any CPU
	EndGlobalSection
	GlobalSection(ProjectConfigurationPlatforms) = postSolution
		{CBAA73A5-A885-4C7F-8F24-F9AADFEFC188}.Debug|Any CPU.ActiveCfg = Debug|Any CPU
		{CBAA73A5-A885-4C7F-8F24-F9AADFEFC188}.Debug|Any CPU.Build.0 = Debug|Any CPU
		{CBAA73A5-A885-4C7F-8F24-F9AADFEFC188}.Release|Any CPU.ActiveCfg = Release|Any CPU
		{CBAA73A5-A885-4C7F-8F24-F9AADFEFC188}.Release|Any CPU.Build.0 = Release|Any CPU
	EndGlobalSection
	GlobalSection(SolutionProperties) = preSolution
		HideSolutionNode = FALSE
	EndGlobalSection
	GlobalSection(ExtensibilityGlobals) = postSolution
		SolutionGuid = {8204B266-2768-4AAD-9B92-9886B9B10DB2}
	EndGlobalSection
EndGlobal
